Microsoft Visual Studio Solution File, Format Version 12.00
# Visual Studio Version 17
VisualStudioVersion = 17.5.2.0
MinimumVisualStudioVersion = 10.0.40219.1
Project("{FAE04EC0-301F-11D3-BF4B-00C04F79EFBC}") = "ContactWithWhatsApp", "ContactWithWhatsApp\ContactWithWhatsApp.csproj", "{01D45168-70AC-A31C-235D-002BD1382E66}"
EndProject
Global
	GlobalSection(SolutionConfigurationPlatforms) = preSolution
		Debug|Any CPU = Debug|Any CPU
		Release|Any CPU = Release|Any CPU
	EndGlobalSection
	GlobalSection(ProjectConfigurationPlatforms) = postSolution
		{01D45168-70AC-A31C-235D-002BD1382E66}.Debug|Any CPU.ActiveCfg = Debug|Any CPU
		{01D45168-70AC-A31C-235D-002BD1382E66}.Debug|Any CPU.Build.0 = Debug|Any CPU
		{01D45168-70AC-A31C-235D-002BD1382E66}.Release|Any CPU.ActiveCfg = Release|Any CPU
		{01D45168-70AC-A31C-235D-002BD1382E66}.Release|Any CPU.Build.0 = Release|Any CPU
	EndGlobalSection
	GlobalSection(SolutionProperties) = preSolution
		HideSolutionNode = FALSE
	EndGlobalSection
	GlobalSection(ExtensibilityGlobals) = postSolution
		SolutionGuid = {28F4C0F4-1491-4AA3-870E-D19A2D77B925}
	EndGlobalSection
EndGlobal
